
Microsoft Visual Studio Solution File, Format Version 12.00
# Visual Studio Version 16
VisualStudioVersion = 16.0.30907.101
MinimumVisualStudioVersion = 10.0.40219.1
Project("{FAE04EC0-301F-11D3-BF4B-00C04F79EFBC}") = "MoodAnalyser", "MoodAnalyser\MoodAnalyser.csproj", "{536A97D9-6053-4991-889F-C99E77BD9F93}"
EndProject
Project("{FAE04EC0-301F-11D3-BF4B-00C04F79EFBC}") = "MoodAnalyserNUnitTest", "MoodAnalyserNUnitTest\MoodAnalyserNUnitTest.csproj", "{4FB952E9-B092-4E43-A447-8746685B606F}"
EndProject
Global
	GlobalSection(SolutionConfigurationPlatforms) = preSolution
		Debug|Any CPU = Debug|Any CPU
		Release|Any CPU = Release|Any CPU
	EndGlobalSection
	GlobalSection(ProjectConfigurationPlatforms) = postSolution
		{536A97D9-6053-4991-889F-C99E77BD9F93}.Debug|Any CPU.ActiveCfg = Debug|Any CPU
		{536A97D9-6053-4991-889F-C99E77BD9F93}.Debug|Any CPU.Build.0 = Debug|Any CPU
		{536A97D9-6053-4991-889F-C99E77BD9F93}.Release|Any CPU.ActiveCfg = Release|Any CPU
		{536A97D9-6053-4991-889F-C99E77BD9F93}.Release|Any CPU.Build.0 = Release|Any CPU
		{4FB952E9-B092-4E43-A447-8746685B606F}.Debug|Any CPU.ActiveCfg = Debug|Any CPU
		{4FB952E9-B092-4E43-A447-8746685B606F}.Debug|Any CPU.Build.0 = Debug|Any CPU
		{4FB952E9-B092-4E43-A447-8746685B606F}.Release|Any CPU.ActiveCfg = Release|Any CPU
		{4FB952E9-B092-4E43-A447-8746685B606F}.Release|Any CPU.Build.0 = Release|Any CPU
	EndGlobalSection
	GlobalSection(SolutionProperties) = preSolution
		HideSolutionNode = FALSE
	EndGlobalSection
	GlobalSection(ExtensibilityGlobals) = postSolution
		SolutionGuid = {F29C60F7-BAD0-4134-AA05-20EF56F7FD9C}
	EndGlobalSection
EndGlobal
